
Microsoft Visual Studio Solution File, Format Version 12.00
# Visual Studio 15
VisualStudioVersion = 15.0.28010.2046
MinimumVisualStudioVersion = 10.0.40219.1
Project("{9A19103F-16F7-4668-BE54-9A1E7A4F7556}") = "Api.GateWay", "Api.GateWay\Api.GateWay.csproj", "{532BDF3A-54A9-45CA-90A3-910D909A4533}"
EndProject
Project("{9A19103F-16F7-4668-BE54-9A1E7A4F7556}") = "Api.Products", "Api.Products\Api.Products.csproj", "{E5F969D0-20EF-4392-959C-F2D7CE93245F}"
EndProject
Project("{9A19103F-16F7-4668-BE54-9A1E7A4F7556}") = "Api.Users", "Api.Users\Api.Users.csproj", "{596CBD73-09EE-4E52-A8A0-6EEA6CA3E5D4}"
EndProject
Global
	GlobalSection(SolutionConfigurationPlatforms) = preSolution
		Debug|Any CPU = Debug|Any CPU
		Release|Any CPU = Release|Any CPU
	EndGlobalSection
	GlobalSection(ProjectConfigurationPlatforms) = postSolution
		{532BDF3A-54A9-45CA-90A3-910D909A4533}.Debug|Any CPU.ActiveCfg = Debug|Any CPU
		{532BDF3A-54A9-45CA-90A3-910D909A4533}.Debug|Any CPU.Build.0 = Debug|Any CPU
		{532BDF3A-54A9-45CA-90A3-910D909A4533}.Release|Any CPU.ActiveCfg = Release|Any CPU
		{532BDF3A-54A9-45CA-90A3-910D909A4533}.Release|Any CPU.Build.0 = Release|Any CPU
		{E5F969D0-20EF-4392-959C-F2D7CE93245F}.Debug|Any CPU.ActiveCfg = Debug|Any CPU
		{E5F969D0-20EF-4392-959C-F2D7CE93245F}.Debug|Any CPU.Build.0 = Debug|Any CPU
		{E5F969D0-20EF-4392-959C-F2D7CE93245F}.Release|Any CPU.ActiveCfg = Release|Any CPU
		{E5F969D0-20EF-4392-959C-F2D7CE93245F}.Release|Any CPU.Build.0 = Release|Any CPU
		{596CBD73-09EE-4E52-A8A0-6EEA6CA3E5D4}.Debug|Any CPU.ActiveCfg = Debug|Any CPU
		{596CBD73-09EE-4E52-A8A0-6EEA6CA3E5D4}.Debug|Any CPU.Build.0 = Debug|Any CPU
		{596CBD73-09EE-4E52-A8A0-6EEA6CA3E5D4}.Release|Any CPU.ActiveCfg = Release|Any CPU
		{596CBD73-09EE-4E52-A8A0-6EEA6CA3E5D4}.Release|Any CPU.Build.0 = Release|Any CPU
	EndGlobalSection
	GlobalSection(SolutionProperties) = preSolution
		HideSolutionNode = FALSE
	EndGlobalSection
	GlobalSection(ExtensibilityGlobals) = postSolution
		SolutionGuid = {D3D276A0-84B0-4CD4-A43D-CEFDA649A465}
	EndGlobalSection
EndGlobal
