
Microsoft Visual Studio Solution File, Format Version 12.00
# Visual Studio 15
VisualStudioVersion = 15.0.28010.2046
MinimumVisualStudioVersion = 10.0.40219.1
Project("{FAE04EC0-301F-11D3-BF4B-00C04F79EFBC}") = "Api.GateWay", "Api.GateWay\Api.GateWay.csproj", "{11CA9D4F-3F28-41FD-B903-2472758A297C}"
EndProject
Project("{FAE04EC0-301F-11D3-BF4B-00C04F79EFBC}") = "Api.Users", "Api.Users\Api.Users.csproj", "{9057C320-DB6B-4D5D-86E1-8022D4A19751}"
EndProject
Project("{FAE04EC0-301F-11D3-BF4B-00C04F79EFBC}") = "Api.Products", "Api.Products\Api.Products.csproj", "{99FE944A-69E0-48E9-B340-1673B853A435}"
EndProject
Global
	GlobalSection(SolutionConfigurationPlatforms) = preSolution
		Debug|Any CPU = Debug|Any CPU
		Release|Any CPU = Release|Any CPU
	EndGlobalSection
	GlobalSection(ProjectConfigurationPlatforms) = postSolution
		{11CA9D4F-3F28-41FD-B903-2472758A297C}.Debug|Any CPU.ActiveCfg = Debug|Any CPU
		{11CA9D4F-3F28-41FD-B903-2472758A297C}.Debug|Any CPU.Build.0 = Debug|Any CPU
		{11CA9D4F-3F28-41FD-B903-2472758A297C}.Release|Any CPU.ActiveCfg = Release|Any CPU
		{11CA9D4F-3F28-41FD-B903-2472758A297C}.Release|Any CPU.Build.0 = Release|Any CPU
		{9057C320-DB6B-4D5D-86E1-8022D4A19751}.Debug|Any CPU.ActiveCfg = Debug|Any CPU
		{9057C320-DB6B-4D5D-86E1-8022D4A19751}.Debug|Any CPU.Build.0 = Debug|Any CPU
		{9057C320-DB6B-4D5D-86E1-8022D4A19751}.Release|Any CPU.ActiveCfg = Release|Any CPU
		{9057C320-DB6B-4D5D-86E1-8022D4A19751}.Release|Any CPU.Build.0 = Release|Any CPU
		{99FE944A-69E0-48E9-B340-1673B853A435}.Debug|Any CPU.ActiveCfg = Debug|Any CPU
		{99FE944A-69E0-48E9-B340-1673B853A435}.Debug|Any CPU.Build.0 = Debug|Any CPU
		{99FE944A-69E0-48E9-B340-1673B853A435}.Release|Any CPU.ActiveCfg = Release|Any CPU
		{99FE944A-69E0-48E9-B340-1673B853A435}.Release|Any CPU.Build.0 = Release|Any CPU
	EndGlobalSection
	GlobalSection(SolutionProperties) = preSolution
		HideSolutionNode = FALSE
	EndGlobalSection
	GlobalSection(ExtensibilityGlobals) = postSolution
		SolutionGuid = {1BC371EE-73D6-45F4-A68C-B58BCA181B87}
	EndGlobalSection
EndGlobal
